
Microsoft Visual Studio Solution File, Format Version 12.00
# Visual Studio Version 17
VisualStudioVersion = 17.5.002.0
MinimumVisualStudioVersion = 10.0.40219.1
Project("{9A19103F-16F7-4668-BE54-9A1E7A4F7556}") = "PlaywrightTests", "PlaywrightTests.csproj", "{04135F82-9D5F-4F75-82D2-C703ED14B193}"
EndProject
Global
	GlobalSection(SolutionConfigurationPlatforms) = preSolution
		Debug|Any CPU = Debug|Any CPU
		Release|Any CPU = Release|Any CPU
	EndGlobalSection
	GlobalSection(ProjectConfigurationPlatforms) = postSolution
		{04135F82-9D5F-4F75-82D2-C703ED14B193}.Debug|Any CPU.ActiveCfg = Debug|Any CPU
		{04135F82-9D5F-4F75-82D2-C703ED14B193}.Debug|Any CPU.Build.0 = Debug|Any CPU
		{04135F82-9D5F-4F75-82D2-C703ED14B193}.Release|Any CPU.ActiveCfg = Release|Any CPU
		{04135F82-9D5F-4F75-82D2-C703ED14B193}.Release|Any CPU.Build.0 = Release|Any CPU
	EndGlobalSection
	GlobalSection(SolutionProperties) = preSolution
		HideSolutionNode = FALSE
	EndGlobalSection
	GlobalSection(ExtensibilityGlobals) = postSolution
		SolutionGuid = {296B1611-0740-4246-B45E-222E944678CC}
	EndGlobalSection
EndGlobal
